// !$*UTF8*$!
{
	archiveVersion = 1;
	classes = {
	};
	objectVersion = 46;
	objects = {

/* Begin PBXBuildFile section */
		D09BC7031FB6F5FF00CBD274 /* AppDelegate.swift in Sources */ = {isa = PBXBuildFile; fileRef = D09BC7021FB6F5FF00CBD274 /* AppDelegate.swift */; };
		D09BC7051FB6F5FF00CBD274 /* ViewController.swift in Sources */ = {isa = PBXBuildFile; fileRef = D09BC7041FB6F5FF00CBD274 /* ViewController.swift */; };
		D09BC7081FB6F5FF00CBD274 /* Main.storyboard in Resources */ = {isa = PBXBuildFile; fileRef = D09BC7061FB6F5FF00CBD274 /* Main.storyboard */; };
		D09BC70B1FB6F5FF00CBD274 /* GrapesTask.xcdatamodeld in Sources */ = {isa = PBXBuildFile; fileRef = D09BC7091FB6F5FF00CBD274 /* GrapesTask.xcdatamodeld */; };
		D09BC70D1FB6F5FF00CBD274 /* Assets.xcassets in Resources */ = {isa = PBXBuildFile; fileRef = D09BC70C1FB6F5FF00CBD274 /* Assets.xcassets */; };
		D09BC7101FB6F5FF00CBD274 /* LaunchScreen.storyboard in Resources */ = {isa = PBXBuildFile; fileRef = D09BC70E1FB6F5FF00CBD274 /* LaunchScreen.storyboard */; };
/* End PBXBuildFile section */

/* Begin PBXFileReference section */
		D09BC6FF1FB6F5FF00CBD274 /* GrapesTask.app */ = {isa = PBXFileReference; explicitFileType = wrapper.application; includeInIndex = 0; path = GrapesTask.app; sourceTree = BUILT_PRODUCTS_DIR; };
		D09BC7021FB6F5FF00CBD274 /* AppDelegate.swift */ = {isa = PBXFileReference; lastKnownFileType = sourcecode.swift; path = AppDelegate.swift; sourceTree = "<group>"; };
		D09BC7041FB6F5FF00CBD274 /* ViewController.swift */ = {isa = PBXFileReference; lastKnownFileType = sourcecode.swift; path = ViewController.swift; sourceTree = "<group>"; };
		D09BC7071FB6F5FF00CBD274 /* Base */ = {isa = PBXFileReference; lastKnownFileType = file.storyboard; name = Base; path = Base.lproj/Main.storyboard; sourceTree = "<group>"; };
		D09BC70A1FB6F5FF00CBD274 /* GrapesTask.xcdatamodel */ = {isa = PBXFileReference; lastKnownFileType = wrapper.xcdatamodel; path = GrapesTask.xcdatamodel; sourceTree = "<group>"; };
		D09BC70C1FB6F5FF00CBD274 /* Assets.xcassets */ = {isa = PBXFileReference; lastKnownFileType = folder.assetcatalog; path = Assets.xcassets; sourceTree = "<group>"; };
		D09BC70F1FB6F5FF00CBD274 /* Base */ = {isa = PBXFileReference; lastKnownFileType = file.storyboard; name = Base; path = Base.lproj/LaunchScreen.storyboard; sourceTree = "<group>"; };
		D09BC7111FB6F5FF00CBD274 /* Info.plist */ = {isa = PBXFileReference; lastKnownFileType = text.plist.xml; path = Info.plist; sourceTree = "<group>"; };
/* End PBXFileReference section */

/* Begin PBXFrameworksBuildPhase section */
		D09BC6FC1FB6F5FF00CBD274 /* Frameworks */ = {
			isa = PBXFrameworksBuildPhase;
			buildActionMask = 2147483647;
			files = (
			);
			runOnlyForDeploymentPostprocessing = 0;
		};
/* End PBXFrameworksBuildPhase section */

/* Begin PBXGroup section */
		D09BC6F61FB6F5FF00CBD274 = {
			isa = PBXGroup;
			children = (
				D09BC7011FB6F5FF00CBD274 /* GrapesTask */,
				D09BC7001FB6F5FF00CBD274 /* Products */,
			);
			sourceTree = "<group>";
		};
		D09BC7001FB6F5FF00CBD274 /* Products */ = {
			isa = PBXGroup;
			children = (
				D09BC6FF1FB6F5FF00CBD274 /* GrapesTask.app */,
			);
			name = Products;
			sourceTree = "<group>";
		};
		D09BC7011FB6F5FF00CBD274 /* GrapesTask */ = {
			isa = PBXGroup;
			children = (
				D09BC7021FB6F5FF00CBD274 /* AppDelegate.swift */,
				D09BC7041FB6F5FF00CBD274 /* ViewController.swift */,
				D09BC7061FB6F5FF00CBD274 /* Main.storyboard */,
				D09BC70C1FB6F5FF00CBD274 /* Assets.xcassets */,
				D09BC70E1FB6F5FF00CBD274 /* LaunchScreen.storyboard */,
				D09BC7111FB6F5FF00CBD274 /* Info.plist */,
				D09BC7091FB6F5FF00CBD274 /* GrapesTask.xcdatamodeld */,
			);
			path = GrapesTask;
			sourceTree = "<group>";
		};
/* End PBXGroup section */

/* Begin PBXNativeTarget section */
		D09BC6FE1FB6F5FF00CBD274 /* GrapesTask */ = {
			isa = PBXNativeTarget;
			buildConfigurationList = D09BC7141FB6F5FF00CBD274 /* Build configuration list for PBXNativeTarget "GrapesTask" */;
			buildPhases = (
				D09BC6FB1FB6F5FF00CBD274 /* Sources */,
				D09BC6FC1FB6F5FF00CBD274 /* Frameworks */,
				D09BC6FD1FB6F5FF00CBD274 /* Resources */,
			);
			buildRules = (
			);
			dependencies = (
			);
			name = GrapesTask;
			productName = GrapesTask;
			productReference = D09BC6FF1FB6F5FF00CBD274 /* GrapesTask.app */;
			productType = "com.apple.product-type.application";
		};
/* End PBXNativeTarget section */

/* Begin PBXProject section */
		D09BC6F71FB6F5FF00CBD274 /* Project object */ = {
			isa = PBXProject;
			attributes = {
				LastSwiftUpdateCheck = 0820;
				LastUpgradeCheck = 0820;
				ORGANIZATIONNAME = "Mena Gamal";
				TargetAttributes = {
					D09BC6FE1FB6F5FF00CBD274 = {
						CreatedOnToolsVersion = 8.2.1;
						ProvisioningStyle = Automatic;
					};
				};
			};
			buildConfigurationList = D09BC6FA1FB6F5FF00CBD274 /* Build configuration list for PBXProject "GrapesTask" */;
			compatibilityVersion = "Xcode 3.2";
			developmentRegion = English;
			hasScannedForEncodings = 0;
			knownRegions = (
				en,
				Base,
			);
			mainGroup = D09BC6F61FB6F5FF00CBD274;
			productRefGroup = D09BC7001FB6F5FF00CBD274 /* Products */;
			projectDirPath = "";
			projectRoot = "";
			targets = (
				D09BC6FE1FB6F5FF00CBD274 /* GrapesTask */,
			);
		};
/* End PBXProject section */

/* Begin PBXResourcesBuildPhase section */
		D09BC6FD1FB6F5FF00CBD274 /* Resources */ = {
			isa = PBXResourcesBuildPhase;
			buildActionMask = 2147483647;
			files = (
				D09BC7101FB6F5FF00CBD274 /* LaunchScreen.storyboard in Resources */,
				D09BC70D1FB6F5FF00CBD274 /* Assets.xcassets in Resources */,
				D09BC7081FB6F5FF00CBD274 /* Main.storyboard in Resources */,
			);
			runOnlyForDeploymentPostprocessing = 0;
		};
/* End PBXResourcesBuildPhase section */

/* Begin PBXSourcesBuildPhase section */
		D09BC6FB1FB6F5FF00CBD274 /* Sources */ = {
			isa = PBXSourcesBuildPhase;
			buildActionMask = 2147483647;
			files = (
				D09BC7051FB6F5FF00CBD274 /* ViewController.swift in Sources */,
				D09BC70B1FB6F5FF00CBD274 /* GrapesTask.xcdatamodeld in Sources */,
				D09BC7031FB6F5FF00CBD274 /* AppDelegate.swift in Sources */,
			);
			runOnlyForDeploymentPostprocessing = 0;
		};
/* End PBXSourcesBuildPhase section */

/* Begin PBXVariantGroup section */
		D09BC7061FB6F5FF00CBD274 /* Main.storyboard */ = {
			isa = PBXVariantGroup;
			children = (
				D09BC7071FB6F5FF00CBD274 /* Base */,
			);
			name = Main.storyboard;
			sourceTree = "<group>";
		};
		D09BC70E1FB6F5FF00CBD274 /* LaunchScreen.storyboard */ = {
			isa = PBXVariantGroup;
			children = (
				D09BC70F1FB6F5FF00CBD274 /* Base */,
			);
			name = LaunchScreen.storyboard;
			sourceTree = "<group>";
		};
/* End PBXVariantGroup section */

/* Begin XCBuildConfiguration section */
		D09BC7121FB6F5FF00CBD274 /* Debug */ = {
			isa = XCBuildConfiguration;
			buildSettings = {
				ALWAYS_SEARCH_USER_PATHS = NO;
				CLANG_ANALYZER_NONNULL = YES;
				CLANG_CXX_LANGUAGE_STANDARD = "gnu++0x";
				CLANG_CXX_LIBRARY = "libc++";
				CLANG_ENABLE_MODULES = YES;
				CLANG_ENABLE_OBJC_ARC = YES;
				CLANG_WARN_BOOL_CONVERSION = YES;
				CLANG_WARN_CONSTANT_CONVERSION = YES;
				CLANG_WARN_DIRECT_OBJC_ISA_USAGE = YES_ERROR;
				CLANG_WARN_DOCUMENTATION_COMMENTS = YES;
				CLANG_WARN_EMPTY_BODY = YES;
				CLANG_WARN_ENUM_CONVERSION = YES;
				CLANG_WARN_INFINITE_RECURSION = YES;
				CLANG_WARN_INT_CONVERSION = YES;
				CLANG_WARN_OBJC_ROOT_CLASS = YES_ERROR;
				CLANG_WARN_SUSPICIOUS_MOVE = YES;
				CLANG_WARN_UNREACHABLE_CODE = YES;
				CLANG_WARN__DUPLICATE_METHOD_MATCH = YES;
				"CODE_SIGN_IDENTITY[sdk=iphoneos*]" = "iPhone Developer";
				COPY_PHASE_STRIP = NO;
				DEBUG_INFORMATION_FORMAT = dwarf;
				ENABLE_STRICT_OBJC_MSGSEND = YES;
				ENABLE_TESTABILITY = YES;
				GCC_C_LANGUAGE_STANDARD = gnu99;
				GCC_DYNAMIC_NO_PIC = NO;
				GCC_NO_COMMON_BLOCKS = YES;
				GCC_OPTIMIZATION_LEVEL = 0;
				GCC_PREPROCESSOR_DEFINITIONS = (
					"DEBUG=1",
					"$(inherited)",
				);
				GCC_WARN_64_TO_32_BIT_CONVERSION = YES;
				GCC_WARN_ABOUT_RETURN_TYPE = YES_ERROR;
				GCC_WARN_UNDECLARED_SELECTOR = YES;
				GCC_WARN_UNINITIALIZED_AUTOS = YES_AGGRESSIVE;
				GCC_WARN_UNUSED_FUNCTION = YES;
				GCC_WARN_UNUSED_VARIABLE = YES;
				IPHONEOS_DEPLOYMENT_TARGET = 10.2;
				MTL_ENABLE_DEBUG_INFO = YES;
				ONLY_ACTIVE_ARCH = YES;
				SDKROOT = iphoneos;
				SWIFT_ACTIVE_COMPILATION_CONDITIONS = DEBUG;
				SWIFT_OPTIMIZATION_LEVEL = "-Onone";
				TARGETED_DEVICE_FAMILY = "1,2";
			};
			name = Debug;
		};
		D09BC7131FB6F5FF00CBD274 /* Release */ = {
			isa = XCBuildConfiguration;
			buildSettings = {
				ALWAYS_SEARCH_USER_PATHS = NO;
				CLANG_ANALYZER_NONNULL = YES;
				CLANG_CXX_LANGUAGE_STANDARD = "gnu++0x";
				CLANG_CXX_LIBRARY = "libc++";
				CLANG_ENABLE_MODULES = YES;
				CLANG_ENABLE_OBJC_ARC = YES;
				CLANG_WARN_BOOL_CONVERSION = YES;
				CLANG_WARN_CONSTANT_CONVERSION = YES;
				CLANG_WARN_DIRECT_OBJC_ISA_USAGE = YES_ERROR;
				CLANG_WARN_DOCUMENTATION_COMMENTS = YES;
				CLANG_WARN_EMPTY_BODY = YES;
				CLANG_WARN_ENUM_CONVERSION = YES;
				CLANG_WARN_INFINITE_RECURSION = YES;
				CLANG_WARN_INT_CONVERSION = YES;
				CLANG_WARN_OBJC_ROOT_CLASS = YES_ERROR;
				CLANG_WARN_SUSPICIOUS_MOVE = YES;
				CLANG_WARN_UNREACHABLE_CODE = YES;
				CLANG_WARN__DUPLICATE_METHOD_MATCH = YES;
				"CODE_SIGN_IDENTITY[sdk=iphoneos*]" = "iPhone Developer";
				COPY_PHASE_STRIP = NO;
				DEBUG_INFORMATION_FORMAT = "dwarf-with-dsym";
				ENABLE_NS_ASSERTIONS = NO;
				ENABLE_STRICT_OBJC_MSGSEND = YES;
				GCC_C_LANGUAGE_STANDARD = gnu99;
				GCC_NO_COMMON_BLOCKS = YES;
				GCC_WARN_64_TO_32_BIT_CONVERSION = YES;
				GCC_WARN_ABOUT_RETURN_TYPE = YES_ERROR;
				GCC_WARN_UNDECLARED_SELECTOR = YES;
				GCC_WARN_UNINITIALIZED_AUTOS = YES_AGGRESSIVE;
				GCC_WARN_UNUSED_FUNCTION = YES;
				GCC_WARN_UNUSED_VARIABLE = YES;
				IPHONEOS_DEPLOYMENT_TARGET = 10.2;
				MTL_ENABLE_DEBUG_INFO = NO;
				SDKROOT = iphoneos;
				SWIFT_OPTIMIZATION_LEVEL = "-Owholemodule";
				TARGETED_DEVICE_FAMILY = "1,2";
				VALIDATE_PRODUCT = YES;
			};
			name = Release;
		};
		D09BC7151FB6F5FF00CBD274 /* Debug */ = {
			isa = XCBuildConfiguration;
			buildSettings = {
				ASSETCATALOG_COMPILER_APPICON_NAME = AppIcon;
				INFOPLIST_FILE = GrapesTask/Info.plist;
				LD_RUNPATH_SEARCH_PATHS = "$(inherited) @executable_path/Frameworks";
				PRODUCT_BUNDLE_IDENTIFIER = com.APIJSONLibsTutorial.GrapesTask;
				PRODUCT_NAME = "$(TARGET_NAME)";
				SWIFT_VERSION = 3.0;
			};
			name = Debug;
		};
		D09BC7161FB6F5FF00CBD274 /* Release */ = {
			isa = XCBuildConfiguration;
			buildSettings = {
				ASSETCATALOG_COMPILER_APPICON_NAME = AppIcon;
				INFOPLIST_FILE = GrapesTask/Info.plist;
				LD_RUNPATH_SEARCH_PATHS = "$(inherited) @executable_path/Frameworks";
				PRODUCT_BUNDLE_IDENTIFIER = com.APIJSONLibsTutorial.GrapesTask;
				PRODUCT_NAME = "$(TARGET_NAME)";
				SWIFT_VERSION = 3.0;
			};
			name = Release;
		};
/* End XCBuildConfiguration section */

/* Begin XCConfigurationList section */
		D09BC6FA1FB6F5FF00CBD274 /* Build configuration list for PBXProject "GrapesTask" */ = {
			isa = XCConfigurationList;
			buildConfigurations = (
				D09BC7121FB6F5FF00CBD274 /* Debug */,
				D09BC7131FB6F5FF00CBD274 /* Release */,
			);
			defaultConfigurationIsVisible = 0;
			defaultConfigurationName = Release;
		};
		D09BC7141FB6F5FF00CBD274 /* Build configuration list for PBXNativeTarget "GrapesTask" */ = {
			isa = XCConfigurationList;
			buildConfigurations = (
				D09BC7151FB6F5FF00CBD274 /* Debug */,
				D09BC7161FB6F5FF00CBD274 /* Release */,
			);
			defaultConfigurationIsVisible = 0;
		};
/* End XCConfigurationList section */

/* Begin XCVersionGroup section */
		D09BC7091FB6F5FF00CBD274 /* GrapesTask.xcdatamodeld */ = {
			isa = XCVersionGroup;
			children = (
				D09BC70A1FB6F5FF00CBD274 /* GrapesTask.xcdatamodel */,
			);
			currentVersion = D09BC70A1FB6F5FF00CBD274 /* GrapesTask.xcdatamodel */;
			path = GrapesTask.xcdatamodeld;
			sourceTree = "<group>";
			versionGroupType = wrapper.xcdatamodel;
		};
/* End XCVersionGroup section */
	};
	rootObject = D09BC6F71FB6F5FF00CBD274 /* Project object */;
}
